
Microsoft Visual Studio Solution File, Format Version 12.00
# Visual Studio Version 16
VisualStudioVersion = 16.0.30523.141
MinimumVisualStudioVersion = 10.0.40219.1
Project("{9A19103F-16F7-4668-BE54-9A1E7A4F7556}") = "NotesApp.WebApi", "Backend\NotesApp.WebApi\NotesApp.WebApi.csproj", "{0E17C034-4967-4242-A783-951DFBB8E9FF}"
EndProject
Project("{E53339B2-1760-4266-BCC7-CA923CBCF16C}") = "docker-compose", "docker-compose.dcproj", "{CDE34B06-7C42-4029-AFD9-85FCEC4C9C9B}"
EndProject
Project("{9A19103F-16F7-4668-BE54-9A1E7A4F7556}") = "NotesApp.WebClient", "Clients\NotesApp.WebClient\NotesApp.WebClient.csproj", "{8C5669DE-A185-4DFD-A3D2-A2F2E78ED202}"
EndProject
Project("{FAE04EC0-301F-11D3-BF4B-00C04F79EFBC}") = "NotesApp.MobileClient.Android", "Clients\NotesApp.MobileClient\NotesApp.MobileClient.Android\NotesApp.MobileClient.Android.csproj", "{3B28EDCF-EDB3-4F99-B14C-44C5CE73708E}"
EndProject
Project("{FAE04EC0-301F-11D3-BF4B-00C04F79EFBC}") = "NotesApp.MobileClient.iOS", "Clients\NotesApp.MobileClient\NotesApp.MobileClient.iOS\NotesApp.MobileClient.iOS.csproj", "{32769EFD-1F73-493C-A66F-0EB120A202D3}"
EndProject
Project("{FAE04EC0-301F-11D3-BF4B-00C04F79EFBC}") = "NotesApp.MobileClient", "Clients\NotesApp.MobileClient\NotesApp.MobileClient\NotesApp.MobileClient.csproj", "{83B69320-C86E-477F-AA1F-8F0E412DDE4B}"
EndProject
Global
	GlobalSection(SolutionConfigurationPlatforms) = preSolution
		Debug|Any CPU = Debug|Any CPU
		Debug|iPhone = Debug|iPhone
		Debug|iPhoneSimulator = Debug|iPhoneSimulator
		Release|Any CPU = Release|Any CPU
		Release|iPhone = Release|iPhone
		Release|iPhoneSimulator = Release|iPhoneSimulator
	EndGlobalSection
	GlobalSection(ProjectConfigurationPlatforms) = postSolution
		{0E17C034-4967-4242-A783-951DFBB8E9FF}.Debug|Any CPU.ActiveCfg = Debug|Any CPU
		{0E17C034-4967-4242-A783-951DFBB8E9FF}.Debug|Any CPU.Build.0 = Debug|Any CPU
		{0E17C034-4967-4242-A783-951DFBB8E9FF}.Debug|iPhone.ActiveCfg = Debug|Any CPU
		{0E17C034-4967-4242-A783-951DFBB8E9FF}.Debug|iPhone.Build.0 = Debug|Any CPU
		{0E17C034-4967-4242-A783-951DFBB8E9FF}.Debug|iPhoneSimulator.ActiveCfg = Debug|Any CPU
		{0E17C034-4967-4242-A783-951DFBB8E9FF}.Debug|iPhoneSimulator.Build.0 = Debug|Any CPU
		{0E17C034-4967-4242-A783-951DFBB8E9FF}.Release|Any CPU.ActiveCfg = Release|Any CPU
		{0E17C034-4967-4242-A783-951DFBB8E9FF}.Release|Any CPU.Build.0 = Release|Any CPU
		{0E17C034-4967-4242-A783-951DFBB8E9FF}.Release|iPhone.ActiveCfg = Release|Any CPU
		{0E17C034-4967-4242-A783-951DFBB8E9FF}.Release|iPhone.Build.0 = Release|Any CPU
		{0E17C034-4967-4242-A783-951DFBB8E9FF}.Release|iPhoneSimulator.ActiveCfg = Release|Any CPU
		{0E17C034-4967-4242-A783-951DFBB8E9FF}.Release|iPhoneSimulator.Build.0 = Release|Any CPU
		{CDE34B06-7C42-4029-AFD9-85FCEC4C9C9B}.Debug|Any CPU.ActiveCfg = Debug|Any CPU
		{CDE34B06-7C42-4029-AFD9-85FCEC4C9C9B}.Debug|Any CPU.Build.0 = Debug|Any CPU
		{CDE34B06-7C42-4029-AFD9-85FCEC4C9C9B}.Debug|iPhone.ActiveCfg = Debug|Any CPU
		{CDE34B06-7C42-4029-AFD9-85FCEC4C9C9B}.Debug|iPhone.Build.0 = Debug|Any CPU
		{CDE34B06-7C42-4029-AFD9-85FCEC4C9C9B}.Debug|iPhoneSimulator.ActiveCfg = Debug|Any CPU
		{CDE34B06-7C42-4029-AFD9-85FCEC4C9C9B}.Debug|iPhoneSimulator.Build.0 = Debug|Any CPU
		{CDE34B06-7C42-4029-AFD9-85FCEC4C9C9B}.Release|Any CPU.ActiveCfg = Release|Any CPU
		{CDE34B06-7C42-4029-AFD9-85FCEC4C9C9B}.Release|Any CPU.Build.0 = Release|Any CPU
		{CDE34B06-7C42-4029-AFD9-85FCEC4C9C9B}.Release|iPhone.ActiveCfg = Release|Any CPU
		{CDE34B06-7C42-4029-AFD9-85FCEC4C9C9B}.Release|iPhone.Build.0 = Release|Any CPU
		{CDE34B06-7C42-4029-AFD9-85FCEC4C9C9B}.Release|iPhoneSimulator.ActiveCfg = Release|Any CPU
		{CDE34B06-7C42-4029-AFD9-85FCEC4C9C9B}.Release|iPhoneSimulator.Build.0 = Release|Any CPU
		{8C5669DE-A185-4DFD-A3D2-A2F2E78ED202}.Debug|Any CPU.ActiveCfg = Debug|Any CPU
		{8C5669DE-A185-4DFD-A3D2-A2F2E78ED202}.Debug|Any CPU.Build.0 = Debug|Any CPU
		{8C5669DE-A185-4DFD-A3D2-A2F2E78ED202}.Debug|iPhone.ActiveCfg = Debug|Any CPU
		{8C5669DE-A185-4DFD-A3D2-A2F2E78ED202}.Debug|iPhone.Build.0 = Debug|Any CPU
		{8C5669DE-A185-4DFD-A3D2-A2F2E78ED202}.Debug|iPhoneSimulator.ActiveCfg = Debug|Any CPU
		{8C5669DE-A185-4DFD-A3D2-A2F2E78ED202}.Debug|iPhoneSimulator.Build.0 = Debug|Any CPU
		{8C5669DE-A185-4DFD-A3D2-A2F2E78ED202}.Release|Any CPU.ActiveCfg = Release|Any CPU
		{8C5669DE-A185-4DFD-A3D2-A2F2E78ED202}.Release|Any CPU.Build.0 = Release|Any CPU
		{8C5669DE-A185-4DFD-A3D2-A2F2E78ED202}.Release|iPhone.ActiveCfg = Release|Any CPU
		{8C5669DE-A185-4DFD-A3D2-A2F2E78ED202}.Release|iPhone.Build.0 = Release|Any CPU
		{8C5669DE-A185-4DFD-A3D2-A2F2E78ED202}.Release|iPhoneSimulator.ActiveCfg = Release|Any CPU
		{8C5669DE-A185-4DFD-A3D2-A2F2E78ED202}.Release|iPhoneSimulator.Build.0 = Release|Any CPU
		{3B28EDCF-EDB3-4F99-B14C-44C5CE73708E}.Debug|Any CPU.ActiveCfg = Debug|Any CPU
		{3B28EDCF-EDB3-4F99-B14C-44C5CE73708E}.Debug|Any CPU.Build.0 = Debug|Any CPU
		{3B28EDCF-EDB3-4F99-B14C-44C5CE73708E}.Debug|Any CPU.Deploy.0 = Debug|Any CPU
		{3B28EDCF-EDB3-4F99-B14C-44C5CE73708E}.Debug|iPhone.ActiveCfg = Debug|Any CPU
		{3B28EDCF-EDB3-4F99-B14C-44C5CE73708E}.Debug|iPhone.Build.0 = Debug|Any CPU
		{3B28EDCF-EDB3-4F99-B14C-44C5CE73708E}.Debug|iPhone.Deploy.0 = Debug|Any CPU
		{3B28EDCF-EDB3-4F99-B14C-44C5CE73708E}.Debug|iPhoneSimulator.ActiveCfg = Debug|Any CPU
		{3B28EDCF-EDB3-4F99-B14C-44C5CE73708E}.Debug|iPhoneSimulator.Build.0 = Debug|Any CPU
		{3B28EDCF-EDB3-4F99-B14C-44C5CE73708E}.Debug|iPhoneSimulator.Deploy.0 = Debug|Any CPU
		{3B28EDCF-EDB3-4F99-B14C-44C5CE73708E}.Release|Any CPU.ActiveCfg = Release|Any CPU
		{3B28EDCF-EDB3-4F99-B14C-44C5CE73708E}.Release|Any CPU.Build.0 = Release|Any CPU
		{3B28EDCF-EDB3-4F99-B14C-44C5CE73708E}.Release|Any CPU.Deploy.0 = Release|Any CPU
		{3B28EDCF-EDB3-4F99-B14C-44C5CE73708E}.Release|iPhone.ActiveCfg = Release|Any CPU
		{3B28EDCF-EDB3-4F99-B14C-44C5CE73708E}.Release|iPhone.Build.0 = Release|Any CPU
		{3B28EDCF-EDB3-4F99-B14C-44C5CE73708E}.Release|iPhone.Deploy.0 = Release|Any CPU
		{3B28EDCF-EDB3-4F99-B14C-44C5CE73708E}.Release|iPhoneSimulator.ActiveCfg = Release|Any CPU
		{3B28EDCF-EDB3-4F99-B14C-44C5CE73708E}.Release|iPhoneSimulator.Build.0 = Release|Any CPU
		{3B28EDCF-EDB3-4F99-B14C-44C5CE73708E}.Release|iPhoneSimulator.Deploy.0 = Release|Any CPU
		{32769EFD-1F73-493C-A66F-0EB120A202D3}.Debug|Any CPU.ActiveCfg = Debug|iPhoneSimulator
		{32769EFD-1F73-493C-A66F-0EB120A202D3}.Debug|iPhone.ActiveCfg = Debug|iPhone
		{32769EFD-1F73-493C-A66F-0EB120A202D3}.Debug|iPhone.Build.0 = Debug|iPhone
		{32769EFD-1F73-493C-A66F-0EB120A202D3}.Debug|iPhoneSimulator.ActiveCfg = Debug|iPhoneSimulator
		{32769EFD-1F73-493C-A66F-0EB120A202D3}.Debug|iPhoneSimulator.Build.0 = Debug|iPhoneSimulator
		{32769EFD-1F73-493C-A66F-0EB120A202D3}.Release|Any CPU.ActiveCfg = Release|iPhoneSimulator
		{32769EFD-1F73-493C-A66F-0EB120A202D3}.Release|iPhone.ActiveCfg = Release|iPhone
		{32769EFD-1F73-493C-A66F-0EB120A202D3}.Release|iPhone.Build.0 = Release|iPhone
		{32769EFD-1F73-493C-A66F-0EB120A202D3}.Release|iPhoneSimulator.ActiveCfg = Release|iPhoneSimulator
		{32769EFD-1F73-493C-A66F-0EB120A202D3}.Release|iPhoneSimulator.Build.0 = Release|iPhoneSimulator
		{83B69320-C86E-477F-AA1F-8F0E412DDE4B}.Debug|Any CPU.ActiveCfg = Debug|Any CPU
		{83B69320-C86E-477F-AA1F-8F0E412DDE4B}.Debug|Any CPU.Build.0 = Debug|Any CPU
		{83B69320-C86E-477F-AA1F-8F0E412DDE4B}.Debug|iPhone.ActiveCfg = Debug|Any CPU
		{83B69320-C86E-477F-AA1F-8F0E412DDE4B}.Debug|iPhone.Build.0 = Debug|Any CPU
		{83B69320-C86E-477F-AA1F-8F0E412DDE4B}.Debug|iPhoneSimulator.ActiveCfg = Debug|Any CPU
		{83B69320-C86E-477F-AA1F-8F0E412DDE4B}.Debug|iPhoneSimulator.Build.0 = Debug|Any CPU
		{83B69320-C86E-477F-AA1F-8F0E412DDE4B}.Release|Any CPU.ActiveCfg = Release|Any CPU
		{83B69320-C86E-477F-AA1F-8F0E412DDE4B}.Release|Any CPU.Build.0 = Release|Any CPU
		{83B69320-C86E-477F-AA1F-8F0E412DDE4B}.Release|iPhone.ActiveCfg = Release|Any CPU
		{83B69320-C86E-477F-AA1F-8F0E412DDE4B}.Release|iPhone.Build.0 = Release|Any CPU
		{83B69320-C86E-477F-AA1F-8F0E412DDE4B}.Release|iPhoneSimulator.ActiveCfg = Release|Any CPU
		{83B69320-C86E-477F-AA1F-8F0E412DDE4B}.Release|iPhoneSimulator.Build.0 = Release|Any CPU
	EndGlobalSection
	GlobalSection(SolutionProperties) = preSolution
		HideSolutionNode = FALSE
	EndGlobalSection
	GlobalSection(ExtensibilityGlobals) = postSolution
		SolutionGuid = {F345C209-8803-49B9-B5FB-87D1C920658F}
	EndGlobalSection
EndGlobal
